
Microsoft Visual Studio Solution File, Format Version 12.00
# Visual Studio Version 16
VisualStudioVersion = 16.0.30503.244
MinimumVisualStudioVersion = 10.0.40219.1
Project("{FAE04EC0-301F-11D3-BF4B-00C04F79EFBC}") = "HelloWorld", "HelloWorld\HelloWorld.csproj", "{B30D9207-8841-4C88-9849-BD8CDB223869}"
EndProject
Project("{FAE04EC0-301F-11D3-BF4B-00C04F79EFBC}") = "RunHelloWorldWithILR", "RunHelloWorldWithILR\RunHelloWorldWithILR.csproj", "{C57480D3-600F-4949-8A9E-C787D6A9DDFC}"
	ProjectSection(ProjectDependencies) = postProject
		{B30D9207-8841-4C88-9849-BD8CDB223869} = {B30D9207-8841-4C88-9849-BD8CDB223869}
	EndProjectSection
EndProject
Global
	GlobalSection(SolutionConfigurationPlatforms) = preSolution
		Debug|Any CPU = Debug|Any CPU
		Release|Any CPU = Release|Any CPU
	EndGlobalSection
	GlobalSection(ProjectConfigurationPlatforms) = postSolution
		{B30D9207-8841-4C88-9849-BD8CDB223869}.Debug|Any CPU.ActiveCfg = Debug|Any CPU
		{B30D9207-8841-4C88-9849-BD8CDB223869}.Debug|Any CPU.Build.0 = Debug|Any CPU
		{B30D9207-8841-4C88-9849-BD8CDB223869}.Release|Any CPU.ActiveCfg = Release|Any CPU
		{B30D9207-8841-4C88-9849-BD8CDB223869}.Release|Any CPU.Build.0 = Release|Any CPU
		{C57480D3-600F-4949-8A9E-C787D6A9DDFC}.Debug|Any CPU.ActiveCfg = Debug|Any CPU
		{C57480D3-600F-4949-8A9E-C787D6A9DDFC}.Debug|Any CPU.Build.0 = Debug|Any CPU
		{C57480D3-600F-4949-8A9E-C787D6A9DDFC}.Release|Any CPU.ActiveCfg = Release|Any CPU
		{C57480D3-600F-4949-8A9E-C787D6A9DDFC}.Release|Any CPU.Build.0 = Release|Any CPU
	EndGlobalSection
	GlobalSection(SolutionProperties) = preSolution
		HideSolutionNode = FALSE
	EndGlobalSection
	GlobalSection(ExtensibilityGlobals) = postSolution
		SolutionGuid = {601C08B7-2E7E-4E78-A9F9-601023A72D8F}
	EndGlobalSection
EndGlobal
